
Microsoft Visual Studio Solution File, Format Version 12.00
# Visual Studio Version 16
VisualStudioVersion = 16.0.30204.135
MinimumVisualStudioVersion = 10.0.40219.1
Project("{8BC9CEB8-8B4A-11D0-8D11-00A0C91BC942}") = "opengl", "opengl\opengl.vcxproj", "{02A2A0C4-D5C3-4095-9C83-86CD9715A271}"
EndProject
Global
	GlobalSection(SolutionConfigurationPlatforms) = preSolution
		Debug|x64 = Debug|x64
		Debug|x86 = Debug|x86
		Release|x64 = Release|x64
		Release|x86 = Release|x86
	EndGlobalSection
	GlobalSection(ProjectConfigurationPlatforms) = postSolution
		{02A2A0C4-D5C3-4095-9C83-86CD9715A271}.Debug|x64.ActiveCfg = Debug|x64
		{02A2A0C4-D5C3-4095-9C83-86CD9715A271}.Debug|x64.Build.0 = Debug|x64
		{02A2A0C4-D5C3-4095-9C83-86CD9715A271}.Debug|x86.ActiveCfg = Debug|Win32
		{02A2A0C4-D5C3-4095-9C83-86CD9715A271}.Debug|x86.Build.0 = Debug|Win32
		{02A2A0C4-D5C3-4095-9C83-86CD9715A271}.Release|x64.ActiveCfg = Release|x64
		{02A2A0C4-D5C3-4095-9C83-86CD9715A271}.Release|x64.Build.0 = Release|x64
		{02A2A0C4-D5C3-4095-9C83-86CD9715A271}.Release|x86.ActiveCfg = Release|Win32
		{02A2A0C4-D5C3-4095-9C83-86CD9715A271}.Release|x86.Build.0 = Release|Win32
	EndGlobalSection
	GlobalSection(SolutionProperties) = preSolution
		HideSolutionNode = FALSE
	EndGlobalSection
	GlobalSection(ExtensibilityGlobals) = postSolution
		SolutionGuid = {FD77C21F-3E0E-405A-B6D5-47E2A33C7F0D}
	EndGlobalSection
EndGlobal
